// !$*UTF8*$!
{
	archiveVersion = 1;
	classes = {
	};
	objectVersion = 77;
	objects = {

/* Begin PBXBuildFile section */
		056D27E95C3C45AE9447F090 /* JetBrainsMono-Bold.ttf in Resources */ = {isa = PBXBuildFile; fileRef = C9E31695DE531E0E147FF8EB /* JetBrainsMono-Bold.ttf */; };
		066D4333CC332E47A4C46308 /* Theme.swift in Sources */ = {isa = PBXBuildFile; fileRef = 9DDBED6649E0D2ABAD4D91E9 /* Theme.swift */; };
		290734B42A36C9B28657527E /* Manrope-Medium.ttf in Resources */ = {isa = PBXBuildFile; fileRef = BB304579BE217731B86ECCCC /* Manrope-Medium.ttf */; };
		2EF261368D5E0C29F66EB893 /* HomeView.swift in Sources */ = {isa = PBXBuildFile; fileRef = 3BA49F66CA869B42C3063432 /* HomeView.swift */; };
		45CC668D61E68E3A31096298 /* JSON.swift in Sources */ = {isa = PBXBuildFile; fileRef = B62D59C6AA7FE06658031FD1 /* JSON.swift */; };
		48F925CCF7741C4AFFA5F9A5 /* StudentDiscountApp.swift in Sources */ = {isa = PBXBuildFile; fileRef = C18A6FEF222F1ADCC7A97EFC /* StudentDiscountApp.swift */; };
		4D7EAB30C882AE7A84824617 /* ProfileView.swift in Sources */ = {isa = PBXBuildFile; fileRef = 49F680185A26DE257C2E9E89 /* ProfileView.swift */; };
		5406EAAAC58C0EB7189B6996 /* Components.swift in Sources */ = {isa = PBXBuildFile; fileRef = B9B596041438B4F8F569EB26 /* Components.swift */; };
		723942AC7E9A0B4726DA1BC3 /* OrdersView.swift in Sources */ = {isa = PBXBuildFile; fileRef = 3FA5F7B8D3DBF2CFE89C91E2 /* OrdersView.swift */; };
		7BA23336C87BC701321FFE9C /* Unbounded-Bold.ttf in Resources */ = {isa = PBXBuildFile; fileRef = B8CA21143CCEF22536582675 /* Unbounded-Bold.ttf */; };
		80CBD76317D8FCDAC4CB3371 /* EventFormView.swift in Sources */ = {isa = PBXBuildFile; fileRef = 9594C88E7C387F9BCF50AC1C /* EventFormView.swift */; };
		8515058C7F4D09BACCDA5A44 /* API.swift in Sources */ = {isa = PBXBuildFile; fileRef = 8F30C3C4A7CFE7A476EC9CDD /* API.swift */; };
		8FFCBE38230A6523CE6203CC /* EventsView.swift in Sources */ = {isa = PBXBuildFile; fileRef = E65A4E1CC01A2309C6F838C7 /* EventsView.swift */; };
		9056456B345CCEF5DFE4CCE1 /* CheckoutView.swift in Sources */ = {isa = PBXBuildFile; fileRef = 17D6C523320136EB5EBAF6E4 /* CheckoutView.swift */; };
		941D9995E8AF295578D4F525 /* SupportView.swift in Sources */ = {isa = PBXBuildFile; fileRef = FF6B7A4757298B8BE9BD36DE /* SupportView.swift */; };
		973413731A0266241A2D1EBB /* Router.swift in Sources */ = {isa = PBXBuildFile; fileRef = 8E34DC4EA9E265CDD89EB11E /* Router.swift */; };
		9B7F4458BD961D91718FAB5C /* AuthViews.swift in Sources */ = {isa = PBXBuildFile; fileRef = 581A3A2E69D6CAAC7D35C022 /* AuthViews.swift */; };
		9FAC6AB7F06AA091D949B180 /* SocialViews.swift in Sources */ = {isa = PBXBuildFile; fileRef = 2A675F277DFF8447C39EA8FE /* SocialViews.swift */; };
		A0855223226CD2ADD33F35F9 /* WalletView.swift in Sources */ = {isa = PBXBuildFile; fileRef = 7CEA3248A049572209A0F918 /* WalletView.swift */; };
		A3D54423823FF24566813B3F /* DebugLaunch.swift in Sources */ = {isa = PBXBuildFile; fileRef = E8F9E45F8D9498A30C96D1E5 /* DebugLaunch.swift */; };
		A5760CD7013307250E3889DB /* ImageTools.swift in Sources */ = {isa = PBXBuildFile; fileRef = 1DE863D87B5D6CF50800E93D /* ImageTools.swift */; };
		A90EE76C5FA4C0A6423BD72B /* ReceiptView.swift in Sources */ = {isa = PBXBuildFile; fileRef = DC6BA03C17F2D2B325A01665 /* ReceiptView.swift */; };
		B0BC9379B1A16A9DDCD11F3D /* JetBrainsMono-Medium.ttf in Resources */ = {isa = PBXBuildFile; fileRef = CA0CDA4A30DBB7137184F16A /* JetBrainsMono-Medium.ttf */; };
		BC9BB5F7C81F5E881D934470 /* Session.swift in Sources */ = {isa = PBXBuildFile; fileRef = 0167FDF9227C13ECC0FD94E9 /* Session.swift */; };
		C08E1DF9CC1D09A2E5379595 /* Assets.xcassets in Resources */ = {isa = PBXBuildFile; fileRef = 82F1C576C0F474626922C47B /* Assets.xcassets */; };
		C337F213184A2789E1BA020A /* EventDetailView.swift in Sources */ = {isa = PBXBuildFile; fileRef = C921269A846AA8BC7DCD4CD8 /* EventDetailView.swift */; };
		C3498C067D0376613010C4E4 /* JetBrainsMono-Regular.ttf in Resources */ = {isa = PBXBuildFile; fileRef = 812E30CF549F127B71BA834E /* JetBrainsMono-Regular.ttf */; };
		C5AF87F7056DC9A46D5C5688 /* EventsCore.swift in Sources */ = {isa = PBXBuildFile; fileRef = E7D770F6A8DE359BC3BF61C0 /* EventsCore.swift */; };
		D1F21DC7A2DD58540F36AA6B /* Cards.swift in Sources */ = {isa = PBXBuildFile; fileRef = 349D6291331E3C8110591970 /* Cards.swift */; };
		D7B1DC927995B53FCEE954E7 /* Manrope-Bold.ttf in Resources */ = {isa = PBXBuildFile; fileRef = 6790E45F23748176B04F2EDB /* Manrope-Bold.ttf */; };
		DDE2538C5338A2878F12B952 /* Layout.swift in Sources */ = {isa = PBXBuildFile; fileRef = CE4ACC448402D367B93833D6 /* Layout.swift */; };
		E00B14F6690DDD9D656ED42C /* Manrope-Regular.ttf in Resources */ = {isa = PBXBuildFile; fileRef = CB6F47B2CF5C11DF17F9E125 /* Manrope-Regular.ttf */; };
		E317D8EE9F74E01C0224CDBB /* Format.swift in Sources */ = {isa = PBXBuildFile; fileRef = DD07031CE762BFA0AEC4C353 /* Format.swift */; };
		E702E78F6726682CE9F55274 /* Manrope-SemiBold.ttf in Resources */ = {isa = PBXBuildFile; fileRef = DBE82B20A3485194E552CF19 /* Manrope-SemiBold.ttf */; };
		E98E46832A257DC090105B89 /* Location.swift in Sources */ = {isa = PBXBuildFile; fileRef = FB7AA9C50F41678939A86E83 /* Location.swift */; };
		EB2E638EC268BA9E6C898758 /* Unbounded-Medium.ttf in Resources */ = {isa = PBXBuildFile; fileRef = ADBB1CEE065029F62366198E /* Unbounded-Medium.ttf */; };
		EEB3C627A29F2115B4A1E884 /* OfferDetailView.swift in Sources */ = {isa = PBXBuildFile; fileRef = FB855BE44ED1A7528C12F936 /* OfferDetailView.swift */; };
		FB908C902521053EF96E6D57 /* SettingsViews.swift in Sources */ = {isa = PBXBuildFile; fileRef = 405CAA381C25DE309CEFACC4 /* SettingsViews.swift */; };
		FC85B0151F5AAD4C49D052F8 /* VerificationView.swift in Sources */ = {isa = PBXBuildFile; fileRef = 042B5010BC0D485011B4EBA0 /* VerificationView.swift */; };
/* End PBXBuildFile section */

/* Begin PBXFileReference section */
		0167FDF9227C13ECC0FD94E9 /* Session.swift */ = {isa = PBXFileReference; lastKnownFileType = sourcecode.swift; path = Session.swift; sourceTree = "<group>"; };
		042B5010BC0D485011B4EBA0 /* VerificationView.swift */ = {isa = PBXFileReference; lastKnownFileType = sourcecode.swift; path = VerificationView.swift; sourceTree = "<group>"; };
		17D6C523320136EB5EBAF6E4 /* CheckoutView.swift */ = {isa = PBXFileReference; lastKnownFileType = sourcecode.swift; path = CheckoutView.swift; sourceTree = "<group>"; };
		1DE863D87B5D6CF50800E93D /* ImageTools.swift */ = {isa = PBXFileReference; lastKnownFileType = sourcecode.swift; path = ImageTools.swift; sourceTree = "<group>"; };
		2A675F277DFF8447C39EA8FE /* SocialViews.swift */ = {isa = PBXFileReference; lastKnownFileType = sourcecode.swift; path = SocialViews.swift; sourceTree = "<group>"; };
		349D6291331E3C8110591970 /* Cards.swift */ = {isa = PBXFileReference; lastKnownFileType = sourcecode.swift; path = Cards.swift; sourceTree = "<group>"; };
		3BA49F66CA869B42C3063432 /* HomeView.swift */ = {isa = PBXFileReference; lastKnownFileType = sourcecode.swift; path = HomeView.swift; sourceTree = "<group>"; };
		3FA5F7B8D3DBF2CFE89C91E2 /* OrdersView.swift */ = {isa = PBXFileReference; lastKnownFileType = sourcecode.swift; path = OrdersView.swift; sourceTree = "<group>"; };
		405CAA381C25DE309CEFACC4 /* SettingsViews.swift */ = {isa = PBXFileReference; lastKnownFileType = sourcecode.swift; path = SettingsViews.swift; sourceTree = "<group>"; };
		49F680185A26DE257C2E9E89 /* ProfileView.swift */ = {isa = PBXFileReference; lastKnownFileType = sourcecode.swift; path = ProfileView.swift; sourceTree = "<group>"; };
		581A3A2E69D6CAAC7D35C022 /* AuthViews.swift */ = {isa = PBXFileReference; lastKnownFileType = sourcecode.swift; path = AuthViews.swift; sourceTree = "<group>"; };
		6790E45F23748176B04F2EDB /* Manrope-Bold.ttf */ = {isa = PBXFileReference; lastKnownFileType = file; path = "Manrope-Bold.ttf"; sourceTree = "<group>"; };
		7CEA3248A049572209A0F918 /* WalletView.swift */ = {isa = PBXFileReference; lastKnownFileType = sourcecode.swift; path = WalletView.swift; sourceTree = "<group>"; };
		812E30CF549F127B71BA834E /* JetBrainsMono-Regular.ttf */ = {isa = PBXFileReference; lastKnownFileType = file; path = "JetBrainsMono-Regular.ttf"; sourceTree = "<group>"; };
		82F1C576C0F474626922C47B /* Assets.xcassets */ = {isa = PBXFileReference; lastKnownFileType = folder.assetcatalog; path = Assets.xcassets; sourceTree = "<group>"; };
		8E34DC4EA9E265CDD89EB11E /* Router.swift */ = {isa = PBXFileReference; lastKnownFileType = sourcecode.swift; path = Router.swift; sourceTree = "<group>"; };
		8F30C3C4A7CFE7A476EC9CDD /* API.swift */ = {isa = PBXFileReference; lastKnownFileType = sourcecode.swift; path = API.swift; sourceTree = "<group>"; };
		9594C88E7C387F9BCF50AC1C /* EventFormView.swift */ = {isa = PBXFileReference; lastKnownFileType = sourcecode.swift; path = EventFormView.swift; sourceTree = "<group>"; };
		9DDBED6649E0D2ABAD4D91E9 /* Theme.swift */ = {isa = PBXFileReference; lastKnownFileType = sourcecode.swift; path = Theme.swift; sourceTree = "<group>"; };
		ADBB1CEE065029F62366198E /* Unbounded-Medium.ttf */ = {isa = PBXFileReference; lastKnownFileType = file; path = "Unbounded-Medium.ttf"; sourceTree = "<group>"; };
		B62D59C6AA7FE06658031FD1 /* JSON.swift */ = {isa = PBXFileReference; lastKnownFileType = sourcecode.swift; path = JSON.swift; sourceTree = "<group>"; };
		B8CA21143CCEF22536582675 /* Unbounded-Bold.ttf */ = {isa = PBXFileReference; lastKnownFileType = file; path = "Unbounded-Bold.ttf"; sourceTree = "<group>"; };
		B9B596041438B4F8F569EB26 /* Components.swift */ = {isa = PBXFileReference; lastKnownFileType = sourcecode.swift; path = Components.swift; sourceTree = "<group>"; };
		BB304579BE217731B86ECCCC /* Manrope-Medium.ttf */ = {isa = PBXFileReference; lastKnownFileType = file; path = "Manrope-Medium.ttf"; sourceTree = "<group>"; };
		C18A6FEF222F1ADCC7A97EFC /* StudentDiscountApp.swift */ = {isa = PBXFileReference; lastKnownFileType = sourcecode.swift; path = StudentDiscountApp.swift; sourceTree = "<group>"; };
		C921269A846AA8BC7DCD4CD8 /* EventDetailView.swift */ = {isa = PBXFileReference; lastKnownFileType = sourcecode.swift; path = EventDetailView.swift; sourceTree = "<group>"; };
		C9E31695DE531E0E147FF8EB /* JetBrainsMono-Bold.ttf */ = {isa = PBXFileReference; lastKnownFileType = file; path = "JetBrainsMono-Bold.ttf"; sourceTree = "<group>"; };
		CA0CDA4A30DBB7137184F16A /* JetBrainsMono-Medium.ttf */ = {isa = PBXFileReference; lastKnownFileType = file; path = "JetBrainsMono-Medium.ttf"; sourceTree = "<group>"; };
		CB6F47B2CF5C11DF17F9E125 /* Manrope-Regular.ttf */ = {isa = PBXFileReference; lastKnownFileType = file; path = "Manrope-Regular.ttf"; sourceTree = "<group>"; };
		CE4ACC448402D367B93833D6 /* Layout.swift */ = {isa = PBXFileReference; lastKnownFileType = sourcecode.swift; path = Layout.swift; sourceTree = "<group>"; };
		DBE82B20A3485194E552CF19 /* Manrope-SemiBold.ttf */ = {isa = PBXFileReference; lastKnownFileType = file; path = "Manrope-SemiBold.ttf"; sourceTree = "<group>"; };
		DC6BA03C17F2D2B325A01665 /* ReceiptView.swift */ = {isa = PBXFileReference; lastKnownFileType = sourcecode.swift; path = ReceiptView.swift; sourceTree = "<group>"; };
		DD07031CE762BFA0AEC4C353 /* Format.swift */ = {isa = PBXFileReference; lastKnownFileType = sourcecode.swift; path = Format.swift; sourceTree = "<group>"; };
		E65A4E1CC01A2309C6F838C7 /* EventsView.swift */ = {isa = PBXFileReference; lastKnownFileType = sourcecode.swift; path = EventsView.swift; sourceTree = "<group>"; };
		E7D770F6A8DE359BC3BF61C0 /* EventsCore.swift */ = {isa = PBXFileReference; lastKnownFileType = sourcecode.swift; path = EventsCore.swift; sourceTree = "<group>"; };
		E8F9E45F8D9498A30C96D1E5 /* DebugLaunch.swift */ = {isa = PBXFileReference; lastKnownFileType = sourcecode.swift; path = DebugLaunch.swift; sourceTree = "<group>"; };
		EDD55831555B16D563493A58 /* StudentDiscountApp.app */ = {isa = PBXFileReference; includeInIndex = 0; lastKnownFileType = wrapper.application; path = StudentDiscountApp.app; sourceTree = BUILT_PRODUCTS_DIR; };
		FB7AA9C50F41678939A86E83 /* Location.swift */ = {isa = PBXFileReference; lastKnownFileType = sourcecode.swift; path = Location.swift; sourceTree = "<group>"; };
		FB855BE44ED1A7528C12F936 /* OfferDetailView.swift */ = {isa = PBXFileReference; lastKnownFileType = sourcecode.swift; path = OfferDetailView.swift; sourceTree = "<group>"; };
		FF6B7A4757298B8BE9BD36DE /* SupportView.swift */ = {isa = PBXFileReference; lastKnownFileType = sourcecode.swift; path = SupportView.swift; sourceTree = "<group>"; };
/* End PBXFileReference section */

/* Begin PBXGroup section */
		0330B68CA6DBF21E5DFBE4AC /* Home */ = {
			isa = PBXGroup;
			children = (
				349D6291331E3C8110591970 /* Cards.swift */,
				3BA49F66CA869B42C3063432 /* HomeView.swift */,
			);
			path = Home;
			sourceTree = "<group>";
		};
		06C36C7485EEEDF3BDA0633E = {
			isa = PBXGroup;
			children = (
				670AAB815C4DBA7E65EF42AA /* Resources */,
				14CA7B012DF58065F5D12B84 /* Sources */,
				8097C3F631343B849B4BDF7C /* Products */,
			);
			sourceTree = "<group>";
		};
		14CA7B012DF58065F5D12B84 /* Sources */ = {
			isa = PBXGroup;
			children = (
				886742BCFD9CD86E58919553 /* App */,
				DC1F632701932243B23F7840 /* Core */,
				47BC6591EF5805EA61A48E8F /* Design */,
				59679B1CB9B90D656392ED6C /* Features */,
			);
			name = Sources;
			path = StudentDiscountApp/Sources;
			sourceTree = "<group>";
		};
		2E201E6B5849D195E5211B4A /* Offers */ = {
			isa = PBXGroup;
			children = (
				17D6C523320136EB5EBAF6E4 /* CheckoutView.swift */,
				FB855BE44ED1A7528C12F936 /* OfferDetailView.swift */,
			);
			path = Offers;
			sourceTree = "<group>";
		};
		3B239E4995FEAA491A861368 /* Wallet */ = {
			isa = PBXGroup;
			children = (
				7CEA3248A049572209A0F918 /* WalletView.swift */,
			);
			path = Wallet;
			sourceTree = "<group>";
		};
		47BC6591EF5805EA61A48E8F /* Design */ = {
			isa = PBXGroup;
			children = (
				B9B596041438B4F8F569EB26 /* Components.swift */,
				CE4ACC448402D367B93833D6 /* Layout.swift */,
				9DDBED6649E0D2ABAD4D91E9 /* Theme.swift */,
			);
			path = Design;
			sourceTree = "<group>";
		};
		497757921E289D673C84208C /* Events */ = {
			isa = PBXGroup;
			children = (
				C921269A846AA8BC7DCD4CD8 /* EventDetailView.swift */,
				9594C88E7C387F9BCF50AC1C /* EventFormView.swift */,
				E7D770F6A8DE359BC3BF61C0 /* EventsCore.swift */,
				E65A4E1CC01A2309C6F838C7 /* EventsView.swift */,
			);
			path = Events;
			sourceTree = "<group>";
		};
		5763FD33CB101793C8A6B1C6 /* Social */ = {
			isa = PBXGroup;
			children = (
				2A675F277DFF8447C39EA8FE /* SocialViews.swift */,
			);
			path = Social;
			sourceTree = "<group>";
		};
		59679B1CB9B90D656392ED6C /* Features */ = {
			isa = PBXGroup;
			children = (
				763B645A29DC4961C1353143 /* Auth */,
				497757921E289D673C84208C /* Events */,
				0330B68CA6DBF21E5DFBE4AC /* Home */,
				2E201E6B5849D195E5211B4A /* Offers */,
				D6F68772D550BCD4D5D9F1D8 /* Orders */,
				66F0C976B34616BA1F1D9D27 /* Profile */,
				A82240B2334E87613A41014E /* Settings */,
				5763FD33CB101793C8A6B1C6 /* Social */,
				779640C449E9D2675974E46D /* Support */,
				3B239E4995FEAA491A861368 /* Wallet */,
			);
			path = Features;
			sourceTree = "<group>";
		};
		66F0C976B34616BA1F1D9D27 /* Profile */ = {
			isa = PBXGroup;
			children = (
				49F680185A26DE257C2E9E89 /* ProfileView.swift */,
			);
			path = Profile;
			sourceTree = "<group>";
		};
		670AAB815C4DBA7E65EF42AA /* Resources */ = {
			isa = PBXGroup;
			children = (
				82F1C576C0F474626922C47B /* Assets.xcassets */,
				CF33AC122BBB6A8F910908E7 /* Fonts */,
			);
			name = Resources;
			path = StudentDiscountApp/Resources;
			sourceTree = "<group>";
		};
		763B645A29DC4961C1353143 /* Auth */ = {
			isa = PBXGroup;
			children = (
				581A3A2E69D6CAAC7D35C022 /* AuthViews.swift */,
				042B5010BC0D485011B4EBA0 /* VerificationView.swift */,
			);
			path = Auth;
			sourceTree = "<group>";
		};
		779640C449E9D2675974E46D /* Support */ = {
			isa = PBXGroup;
			children = (
				FF6B7A4757298B8BE9BD36DE /* SupportView.swift */,
			);
			path = Support;
			sourceTree = "<group>";
		};
		8097C3F631343B849B4BDF7C /* Products */ = {
			isa = PBXGroup;
			children = (
				EDD55831555B16D563493A58 /* StudentDiscountApp.app */,
			);
			name = Products;
			sourceTree = "<group>";
		};
		886742BCFD9CD86E58919553 /* App */ = {
			isa = PBXGroup;
			children = (
				E8F9E45F8D9498A30C96D1E5 /* DebugLaunch.swift */,
				8E34DC4EA9E265CDD89EB11E /* Router.swift */,
				C18A6FEF222F1ADCC7A97EFC /* StudentDiscountApp.swift */,
			);
			path = App;
			sourceTree = "<group>";
		};
		A82240B2334E87613A41014E /* Settings */ = {
			isa = PBXGroup;
			children = (
				405CAA381C25DE309CEFACC4 /* SettingsViews.swift */,
			);
			path = Settings;
			sourceTree = "<group>";
		};
		CF33AC122BBB6A8F910908E7 /* Fonts */ = {
			isa = PBXGroup;
			children = (
				C9E31695DE531E0E147FF8EB /* JetBrainsMono-Bold.ttf */,
				CA0CDA4A30DBB7137184F16A /* JetBrainsMono-Medium.ttf */,
				812E30CF549F127B71BA834E /* JetBrainsMono-Regular.ttf */,
				6790E45F23748176B04F2EDB /* Manrope-Bold.ttf */,
				BB304579BE217731B86ECCCC /* Manrope-Medium.ttf */,
				CB6F47B2CF5C11DF17F9E125 /* Manrope-Regular.ttf */,
				DBE82B20A3485194E552CF19 /* Manrope-SemiBold.ttf */,
				B8CA21143CCEF22536582675 /* Unbounded-Bold.ttf */,
				ADBB1CEE065029F62366198E /* Unbounded-Medium.ttf */,
			);
			path = Fonts;
			sourceTree = "<group>";
		};
		D6F68772D550BCD4D5D9F1D8 /* Orders */ = {
			isa = PBXGroup;
			children = (
				3FA5F7B8D3DBF2CFE89C91E2 /* OrdersView.swift */,
				DC6BA03C17F2D2B325A01665 /* ReceiptView.swift */,
			);
			path = Orders;
			sourceTree = "<group>";
		};
		DC1F632701932243B23F7840 /* Core */ = {
			isa = PBXGroup;
			children = (
				8F30C3C4A7CFE7A476EC9CDD /* API.swift */,
				DD07031CE762BFA0AEC4C353 /* Format.swift */,
				1DE863D87B5D6CF50800E93D /* ImageTools.swift */,
				B62D59C6AA7FE06658031FD1 /* JSON.swift */,
				FB7AA9C50F41678939A86E83 /* Location.swift */,
				0167FDF9227C13ECC0FD94E9 /* Session.swift */,
			);
			path = Core;
			sourceTree = "<group>";
		};
/* End PBXGroup section */

/* Begin PBXNativeTarget section */
		3AFC2130FFD8BD174E73B380 /* StudentDiscountApp */ = {
			isa = PBXNativeTarget;
			buildConfigurationList = 09103B1845E22D74AC5AEAC2 /* Build configuration list for PBXNativeTarget "StudentDiscountApp" */;
			buildPhases = (
				7FA440AA0FA22D7D7EC0DCBD /* Sources */,
				8B78F1CED0B64B42885E8A87 /* Resources */,
			);
			buildRules = (
			);
			dependencies = (
			);
			name = StudentDiscountApp;
			packageProductDependencies = (
			);
			productName = StudentDiscountApp;
			productReference = EDD55831555B16D563493A58 /* StudentDiscountApp.app */;
			productType = "com.apple.product-type.application";
		};
/* End PBXNativeTarget section */

/* Begin PBXProject section */
		6C29C9349B0C7719EA4A0D86 /* Project object */ = {
			isa = PBXProject;
			attributes = {
				BuildIndependentTargetsInParallel = YES;
				LastUpgradeCheck = 1430;
				TargetAttributes = {
				};
			};
			buildConfigurationList = CAE240A7091A0646128FCA17 /* Build configuration list for PBXProject "StudentDiscountApp" */;
			developmentRegion = en;
			hasScannedForEncodings = 0;
			knownRegions = (
				Base,
				en,
			);
			mainGroup = 06C36C7485EEEDF3BDA0633E;
			minimizedProjectReferenceProxies = 1;
			preferredProjectObjectVersion = 77;
			productRefGroup = 8097C3F631343B849B4BDF7C /* Products */;
			projectDirPath = "";
			projectRoot = "";
			targets = (
				3AFC2130FFD8BD174E73B380 /* StudentDiscountApp */,
			);
		};
/* End PBXProject section */

/* Begin PBXResourcesBuildPhase section */
		8B78F1CED0B64B42885E8A87 /* Resources */ = {
			isa = PBXResourcesBuildPhase;
			buildActionMask = 2147483647;
			files = (
				C08E1DF9CC1D09A2E5379595 /* Assets.xcassets in Resources */,
				056D27E95C3C45AE9447F090 /* JetBrainsMono-Bold.ttf in Resources */,
				B0BC9379B1A16A9DDCD11F3D /* JetBrainsMono-Medium.ttf in Resources */,
				C3498C067D0376613010C4E4 /* JetBrainsMono-Regular.ttf in Resources */,
				D7B1DC927995B53FCEE954E7 /* Manrope-Bold.ttf in Resources */,
				290734B42A36C9B28657527E /* Manrope-Medium.ttf in Resources */,
				E00B14F6690DDD9D656ED42C /* Manrope-Regular.ttf in Resources */,
				E702E78F6726682CE9F55274 /* Manrope-SemiBold.ttf in Resources */,
				7BA23336C87BC701321FFE9C /* Unbounded-Bold.ttf in Resources */,
				EB2E638EC268BA9E6C898758 /* Unbounded-Medium.ttf in Resources */,
			);
			runOnlyForDeploymentPostprocessing = 0;
		};
/* End PBXResourcesBuildPhase section */

/* Begin PBXSourcesBuildPhase section */
		7FA440AA0FA22D7D7EC0DCBD /* Sources */ = {
			isa = PBXSourcesBuildPhase;
			buildActionMask = 2147483647;
			files = (
				8515058C7F4D09BACCDA5A44 /* API.swift in Sources */,
				9B7F4458BD961D91718FAB5C /* AuthViews.swift in Sources */,
				D1F21DC7A2DD58540F36AA6B /* Cards.swift in Sources */,
				9056456B345CCEF5DFE4CCE1 /* CheckoutView.swift in Sources */,
				5406EAAAC58C0EB7189B6996 /* Components.swift in Sources */,
				A3D54423823FF24566813B3F /* DebugLaunch.swift in Sources */,
				C337F213184A2789E1BA020A /* EventDetailView.swift in Sources */,
				80CBD76317D8FCDAC4CB3371 /* EventFormView.swift in Sources */,
				C5AF87F7056DC9A46D5C5688 /* EventsCore.swift in Sources */,
				8FFCBE38230A6523CE6203CC /* EventsView.swift in Sources */,
				E317D8EE9F74E01C0224CDBB /* Format.swift in Sources */,
				2EF261368D5E0C29F66EB893 /* HomeView.swift in Sources */,
				A5760CD7013307250E3889DB /* ImageTools.swift in Sources */,
				45CC668D61E68E3A31096298 /* JSON.swift in Sources */,
				DDE2538C5338A2878F12B952 /* Layout.swift in Sources */,
				E98E46832A257DC090105B89 /* Location.swift in Sources */,
				EEB3C627A29F2115B4A1E884 /* OfferDetailView.swift in Sources */,
				723942AC7E9A0B4726DA1BC3 /* OrdersView.swift in Sources */,
				4D7EAB30C882AE7A84824617 /* ProfileView.swift in Sources */,
				A90EE76C5FA4C0A6423BD72B /* ReceiptView.swift in Sources */,
				973413731A0266241A2D1EBB /* Router.swift in Sources */,
				BC9BB5F7C81F5E881D934470 /* Session.swift in Sources */,
				FB908C902521053EF96E6D57 /* SettingsViews.swift in Sources */,
				9FAC6AB7F06AA091D949B180 /* SocialViews.swift in Sources */,
				48F925CCF7741C4AFFA5F9A5 /* StudentDiscountApp.swift in Sources */,
				941D9995E8AF295578D4F525 /* SupportView.swift in Sources */,
				066D4333CC332E47A4C46308 /* Theme.swift in Sources */,
				FC85B0151F5AAD4C49D052F8 /* VerificationView.swift in Sources */,
				A0855223226CD2ADD33F35F9 /* WalletView.swift in Sources */,
			);
			runOnlyForDeploymentPostprocessing = 0;
		};
/* End PBXSourcesBuildPhase section */

/* Begin XCBuildConfiguration section */
		806A75B3A033CACEBAD9535B /* Release */ = {
			isa = XCBuildConfiguration;
			buildSettings = {
				ASSETCATALOG_COMPILER_APPICON_NAME = AppIcon;
				ASSETCATALOG_COMPILER_GLOBAL_ACCENT_COLOR_NAME = AccentColor;
				CODE_SIGN_IDENTITY = "iPhone Developer";
				CURRENT_PROJECT_VERSION = 1;
				GENERATE_INFOPLIST_FILE = NO;
				INFOPLIST_FILE = StudentDiscountApp/Resources/Info.plist;
				IPHONEOS_DEPLOYMENT_TARGET = 16.0;
				LD_RUNPATH_SEARCH_PATHS = (
					"$(inherited)",
					"@executable_path/Frameworks",
				);
				MARKETING_VERSION = 1.0;
				PRODUCT_BUNDLE_IDENTIFIER = com.studentdiscount.app;
				SDKROOT = iphoneos;
				TARGETED_DEVICE_FAMILY = 1;
			};
			name = Release;
		};
		831693CF485B867306DC78D6 /* Debug */ = {
			isa = XCBuildConfiguration;
			buildSettings = {
				ALWAYS_SEARCH_USER_PATHS = NO;
				CLANG_ANALYZER_NONNULL = YES;
				CLANG_ANALYZER_NUMBER_OBJECT_CONVERSION = YES_AGGRESSIVE;
				CLANG_CXX_LANGUAGE_STANDARD = "gnu++14";
				CLANG_CXX_LIBRARY = "libc++";
				CLANG_ENABLE_MODULES = YES;
				CLANG_ENABLE_OBJC_ARC = YES;
				CLANG_ENABLE_OBJC_WEAK = YES;
				CLANG_WARN_BLOCK_CAPTURE_AUTORELEASING = YES;
				CLANG_WARN_BOOL_CONVERSION = YES;
				CLANG_WARN_COMMA = YES;
				CLANG_WARN_CONSTANT_CONVERSION = YES;
				CLANG_WARN_DEPRECATED_OBJC_IMPLEMENTATIONS = YES;
				CLANG_WARN_DIRECT_OBJC_ISA_USAGE = YES_ERROR;
				CLANG_WARN_DOCUMENTATION_COMMENTS = YES;
				CLANG_WARN_EMPTY_BODY = YES;
				CLANG_WARN_ENUM_CONVERSION = YES;
				CLANG_WARN_INFINITE_RECURSION = YES;
				CLANG_WARN_INT_CONVERSION = YES;
				CLANG_WARN_NON_LITERAL_NULL_CONVERSION = YES;
				CLANG_WARN_OBJC_IMPLICIT_RETAIN_SELF = YES;
				CLANG_WARN_OBJC_LITERAL_CONVERSION = YES;
				CLANG_WARN_OBJC_ROOT_CLASS = YES_ERROR;
				CLANG_WARN_QUOTED_INCLUDE_IN_FRAMEWORK_HEADER = YES;
				CLANG_WARN_RANGE_LOOP_ANALYSIS = YES;
				CLANG_WARN_STRICT_PROTOTYPES = YES;
				CLANG_WARN_SUSPICIOUS_MOVE = YES;
				CLANG_WARN_UNGUARDED_AVAILABILITY = YES_AGGRESSIVE;
				CLANG_WARN_UNREACHABLE_CODE = YES;
				CLANG_WARN__DUPLICATE_METHOD_MATCH = YES;
				COPY_PHASE_STRIP = NO;
				DEBUG_INFORMATION_FORMAT = dwarf;
				ENABLE_PREVIEWS = YES;
				ENABLE_STRICT_OBJC_MSGSEND = YES;
				ENABLE_TESTABILITY = YES;
				GCC_C_LANGUAGE_STANDARD = gnu11;
				GCC_DYNAMIC_NO_PIC = NO;
				GCC_NO_COMMON_BLOCKS = YES;
				GCC_OPTIMIZATION_LEVEL = 0;
				GCC_PREPROCESSOR_DEFINITIONS = (
					"$(inherited)",
					"DEBUG=1",
				);
				GCC_WARN_64_TO_32_BIT_CONVERSION = YES;
				GCC_WARN_ABOUT_RETURN_TYPE = YES_ERROR;
				GCC_WARN_UNDECLARED_SELECTOR = YES;
				GCC_WARN_UNINITIALIZED_AUTOS = YES_AGGRESSIVE;
				GCC_WARN_UNUSED_FUNCTION = YES;
				GCC_WARN_UNUSED_VARIABLE = YES;
				IPHONEOS_DEPLOYMENT_TARGET = 16.0;
				MTL_ENABLE_DEBUG_INFO = INCLUDE_SOURCE;
				MTL_FAST_MATH = YES;
				ONLY_ACTIVE_ARCH = YES;
				PRODUCT_NAME = "$(TARGET_NAME)";
				SDKROOT = iphoneos;
				SWIFT_ACTIVE_COMPILATION_CONDITIONS = DEBUG;
				SWIFT_OPTIMIZATION_LEVEL = "-Onone";
				SWIFT_VERSION = 5.0;
			};
			name = Debug;
		};
		9448A43A4A737B9443B22535 /* Release */ = {
			isa = XCBuildConfiguration;
			buildSettings = {
				ALWAYS_SEARCH_USER_PATHS = NO;
				CLANG_ANALYZER_NONNULL = YES;
				CLANG_ANALYZER_NUMBER_OBJECT_CONVERSION = YES_AGGRESSIVE;
				CLANG_CXX_LANGUAGE_STANDARD = "gnu++14";
				CLANG_CXX_LIBRARY = "libc++";
				CLANG_ENABLE_MODULES = YES;
				CLANG_ENABLE_OBJC_ARC = YES;
				CLANG_ENABLE_OBJC_WEAK = YES;
				CLANG_WARN_BLOCK_CAPTURE_AUTORELEASING = YES;
				CLANG_WARN_BOOL_CONVERSION = YES;
				CLANG_WARN_COMMA = YES;
				CLANG_WARN_CONSTANT_CONVERSION = YES;
				CLANG_WARN_DEPRECATED_OBJC_IMPLEMENTATIONS = YES;
				CLANG_WARN_DIRECT_OBJC_ISA_USAGE = YES_ERROR;
				CLANG_WARN_DOCUMENTATION_COMMENTS = YES;
				CLANG_WARN_EMPTY_BODY = YES;
				CLANG_WARN_ENUM_CONVERSION = YES;
				CLANG_WARN_INFINITE_RECURSION = YES;
				CLANG_WARN_INT_CONVERSION = YES;
				CLANG_WARN_NON_LITERAL_NULL_CONVERSION = YES;
				CLANG_WARN_OBJC_IMPLICIT_RETAIN_SELF = YES;
				CLANG_WARN_OBJC_LITERAL_CONVERSION = YES;
				CLANG_WARN_OBJC_ROOT_CLASS = YES_ERROR;
				CLANG_WARN_QUOTED_INCLUDE_IN_FRAMEWORK_HEADER = YES;
				CLANG_WARN_RANGE_LOOP_ANALYSIS = YES;
				CLANG_WARN_STRICT_PROTOTYPES = YES;
				CLANG_WARN_SUSPICIOUS_MOVE = YES;
				CLANG_WARN_UNGUARDED_AVAILABILITY = YES_AGGRESSIVE;
				CLANG_WARN_UNREACHABLE_CODE = YES;
				CLANG_WARN__DUPLICATE_METHOD_MATCH = YES;
				COPY_PHASE_STRIP = NO;
				DEBUG_INFORMATION_FORMAT = "dwarf-with-dsym";
				ENABLE_NS_ASSERTIONS = NO;
				ENABLE_PREVIEWS = YES;
				ENABLE_STRICT_OBJC_MSGSEND = YES;
				GCC_C_LANGUAGE_STANDARD = gnu11;
				GCC_NO_COMMON_BLOCKS = YES;
				GCC_WARN_64_TO_32_BIT_CONVERSION = YES;
				GCC_WARN_ABOUT_RETURN_TYPE = YES_ERROR;
				GCC_WARN_UNDECLARED_SELECTOR = YES;
				GCC_WARN_UNINITIALIZED_AUTOS = YES_AGGRESSIVE;
				GCC_WARN_UNUSED_FUNCTION = YES;
				GCC_WARN_UNUSED_VARIABLE = YES;
				IPHONEOS_DEPLOYMENT_TARGET = 16.0;
				MTL_ENABLE_DEBUG_INFO = NO;
				MTL_FAST_MATH = YES;
				PRODUCT_NAME = "$(TARGET_NAME)";
				SDKROOT = iphoneos;
				SWIFT_COMPILATION_MODE = wholemodule;
				SWIFT_OPTIMIZATION_LEVEL = "-O";
				SWIFT_VERSION = 5.0;
			};
			name = Release;
		};
		E7F3B329C385D328E5D36856 /* Debug */ = {
			isa = XCBuildConfiguration;
			buildSettings = {
				ASSETCATALOG_COMPILER_APPICON_NAME = AppIcon;
				ASSETCATALOG_COMPILER_GLOBAL_ACCENT_COLOR_NAME = AccentColor;
				CODE_SIGN_IDENTITY = "iPhone Developer";
				CURRENT_PROJECT_VERSION = 1;
				GENERATE_INFOPLIST_FILE = NO;
				INFOPLIST_FILE = StudentDiscountApp/Resources/Info.plist;
				IPHONEOS_DEPLOYMENT_TARGET = 16.0;
				LD_RUNPATH_SEARCH_PATHS = (
					"$(inherited)",
					"@executable_path/Frameworks",
				);
				MARKETING_VERSION = 1.0;
				PRODUCT_BUNDLE_IDENTIFIER = com.studentdiscount.app;
				SDKROOT = iphoneos;
				TARGETED_DEVICE_FAMILY = 1;
			};
			name = Debug;
		};
/* End XCBuildConfiguration section */

/* Begin XCConfigurationList section */
		09103B1845E22D74AC5AEAC2 /* Build configuration list for PBXNativeTarget "StudentDiscountApp" */ = {
			isa = XCConfigurationList;
			buildConfigurations = (
				E7F3B329C385D328E5D36856 /* Debug */,
				806A75B3A033CACEBAD9535B /* Release */,
			);
			defaultConfigurationIsVisible = 0;
			defaultConfigurationName = Debug;
		};
		CAE240A7091A0646128FCA17 /* Build configuration list for PBXProject "StudentDiscountApp" */ = {
			isa = XCConfigurationList;
			buildConfigurations = (
				831693CF485B867306DC78D6 /* Debug */,
				9448A43A4A737B9443B22535 /* Release */,
			);
			defaultConfigurationIsVisible = 0;
			defaultConfigurationName = Debug;
		};
/* End XCConfigurationList section */
	};
	rootObject = 6C29C9349B0C7719EA4A0D86 /* Project object */;
}
